
Microsoft Visual Studio Solution File, Format Version 12.00
# Visual Studio 15
VisualStudioVersion = 15.0.27130.2003
MinimumVisualStudioVersion = 10.0.40219.1
Project("{FAE04EC0-301F-11D3-BF4B-00C04F79EFBC}") = "Dms", "Dms\Dms.csproj", "{495D906A-7EA0-4155-BB6C-E47C1FA2A705}"
EndProject
Global
	GlobalSection(SolutionConfigurationPlatforms) = preSolution
		Debug|Any CPU = Debug|Any CPU
		Release|Any CPU = Release|Any CPU
	EndGlobalSection
	GlobalSection(ProjectConfigurationPlatforms) = postSolution
		{495D906A-7EA0-4155-BB6C-E47C1FA2A705}.Debug|Any CPU.ActiveCfg = Debug|Any CPU
		{495D906A-7EA0-4155-BB6C-E47C1FA2A705}.Debug|Any CPU.Build.0 = Debug|Any CPU
		{495D906A-7EA0-4155-BB6C-E47C1FA2A705}.Release|Any CPU.ActiveCfg = Release|Any CPU
		{495D906A-7EA0-4155-BB6C-E47C1FA2A705}.Release|Any CPU.Build.0 = Release|Any CPU
	EndGlobalSection
	GlobalSection(SolutionProperties) = preSolution
		HideSolutionNode = FALSE
	EndGlobalSection
	GlobalSection(ExtensibilityGlobals) = postSolution
		SolutionGuid = {F37098CB-D66B-4891-BA9B-CCA5CB1428C5}
	EndGlobalSection
EndGlobal
